
Microsoft Visual Studio Solution File, Format Version 12.00
# Visual Studio Version 17
VisualStudioVersion = 17.7.34202.233
MinimumVisualStudioVersion = 10.0.40219.1
Project("{FAE04EC0-301F-11D3-BF4B-00C04F79EFBC}") = "WebApplication4.Web", "WebApplication4.Web\WebApplication4.Web.csproj", "{69F501AE-9F89-428C-B17E-B50AEC9C2685}"
EndProject
Global
	GlobalSection(SolutionConfigurationPlatforms) = preSolution
		Debug|Any CPU = Debug|Any CPU
		Release|Any CPU = Release|Any CPU
	EndGlobalSection
	GlobalSection(ProjectConfigurationPlatforms) = postSolution
		{69F501AE-9F89-428C-B17E-B50AEC9C2685}.Debug|Any CPU.ActiveCfg = Debug|Any CPU
		{69F501AE-9F89-428C-B17E-B50AEC9C2685}.Debug|Any CPU.Build.0 = Debug|Any CPU
		{69F501AE-9F89-428C-B17E-B50AEC9C2685}.Release|Any CPU.ActiveCfg = Release|Any CPU
		{69F501AE-9F89-428C-B17E-B50AEC9C2685}.Release|Any CPU.Build.0 = Release|Any CPU
	EndGlobalSection
	GlobalSection(SolutionProperties) = preSolution
		HideSolutionNode = FALSE
	EndGlobalSection
	GlobalSection(ExtensibilityGlobals) = postSolution
		SolutionGuid = {E26FCC18-15BE-425D-BD07-CBCBADE086D9}
	EndGlobalSection
EndGlobal
